
Microsoft Visual Studio Solution File, Format Version 12.00
# Visual Studio Version 17
VisualStudioVersion = 17.0.31903.59
MinimumVisualStudioVersion = 10.0.40219.1
Project("{FAE04EC0-301F-11D3-BF4B-00C04F79EFBC}") = "HCDN", "HCDN\HCDN.csproj", "{83307C59-49E6-4C50-892D-961B9241C749}"
EndProject
Project("{FAE04EC0-301F-11D3-BF4B-00C04F79EFBC}") = "FNA.Core", "FNA\FNA.Core.csproj", "{623318CE-E76E-43C1-A997-FE359FFEA6B7}"
EndProject
Project("{2150E333-8FDC-42A3-9474-1A3956D46DE8}") = "solution", "solution", "{FD3A028D-DDAE-4F94-9EA9-DAB0DB804579}"
	ProjectSection(SolutionItems) = preProject
		.editorconfig = .editorconfig
		..\README.md = ..\README.md
	EndProjectSection
EndProject
Project("{FAE04EC0-301F-11D3-BF4B-00C04F79EFBC}") = "HCDN.Desktop", "HCDN.Desktop\HCDN.Desktop.csproj", "{6C0AD139-2661-4510-BC0E-98C41A67534A}"
EndProject
Project("{FAE04EC0-301F-11D3-BF4B-00C04F79EFBC}") = "HCDN.API", "HCDN.API\HCDN.API.csproj", "{F5DE8CE6-EEA1-44D6-B57C-7AF897AA22D9}"
EndProject
Project("{FAE04EC0-301F-11D3-BF4B-00C04F79EFBC}") = "HCDN.CoreAPI", "HCDN.CoreAPI\HCDN.CoreAPI.csproj", "{918BF70F-E53E-4107-AF7E-7E1A3C36C609}"
EndProject
Project("{FAE04EC0-301F-11D3-BF4B-00C04F79EFBC}") = "HCDN.HoloCure", "HCDN.HoloCure\HCDN.HoloCure.csproj", "{20C7E770-6846-4EAE-B4A9-2C15DAB89BA5}"
EndProject
Project("{2150E333-8FDC-42A3-9474-1A3956D46DE8}") = "nuget", "nuget", "{EAB72CB1-B130-44B8-B675-F073C0820240}"
EndProject
Project("{FAE04EC0-301F-11D3-BF4B-00C04F79EFBC}") = "HCDN.Desktop.NuGet", "HCDN.Desktop.NuGet\HCDN.Desktop.NuGet.csproj", "{1D6AA573-C4E7-41FA-A5A0-753940ACFCFE}"
EndProject
Project("{2150E333-8FDC-42A3-9474-1A3956D46DE8}") = "targets", "targets", "{373D74FA-61F8-40D3-A7B1-9069DB091649}"
	ProjectSection(SolutionItems) = preProject
		versions.targets = versions.targets
	EndProjectSection
EndProject
Global
	GlobalSection(SolutionConfigurationPlatforms) = preSolution
		Debug|Any CPU = Debug|Any CPU
		Release|Any CPU = Release|Any CPU
	EndGlobalSection
	GlobalSection(SolutionProperties) = preSolution
		HideSolutionNode = FALSE
	EndGlobalSection
	GlobalSection(ProjectConfigurationPlatforms) = postSolution
		{83307C59-49E6-4C50-892D-961B9241C749}.Debug|Any CPU.ActiveCfg = Debug|Any CPU
		{83307C59-49E6-4C50-892D-961B9241C749}.Debug|Any CPU.Build.0 = Debug|Any CPU
		{83307C59-49E6-4C50-892D-961B9241C749}.Release|Any CPU.ActiveCfg = Release|Any CPU
		{83307C59-49E6-4C50-892D-961B9241C749}.Release|Any CPU.Build.0 = Release|Any CPU
		{623318CE-E76E-43C1-A997-FE359FFEA6B7}.Debug|Any CPU.ActiveCfg = Debug|x64
		{623318CE-E76E-43C1-A997-FE359FFEA6B7}.Debug|Any CPU.Build.0 = Debug|x64
		{623318CE-E76E-43C1-A997-FE359FFEA6B7}.Release|Any CPU.ActiveCfg = Release|x64
		{623318CE-E76E-43C1-A997-FE359FFEA6B7}.Release|Any CPU.Build.0 = Release|x64
		{6C0AD139-2661-4510-BC0E-98C41A67534A}.Debug|Any CPU.ActiveCfg = Debug|Any CPU
		{6C0AD139-2661-4510-BC0E-98C41A67534A}.Debug|Any CPU.Build.0 = Debug|Any CPU
		{6C0AD139-2661-4510-BC0E-98C41A67534A}.Release|Any CPU.ActiveCfg = Release|Any CPU
		{6C0AD139-2661-4510-BC0E-98C41A67534A}.Release|Any CPU.Build.0 = Release|Any CPU
		{F5DE8CE6-EEA1-44D6-B57C-7AF897AA22D9}.Debug|Any CPU.ActiveCfg = Debug|Any CPU
		{F5DE8CE6-EEA1-44D6-B57C-7AF897AA22D9}.Debug|Any CPU.Build.0 = Debug|Any CPU
		{F5DE8CE6-EEA1-44D6-B57C-7AF897AA22D9}.Release|Any CPU.ActiveCfg = Release|Any CPU
		{F5DE8CE6-EEA1-44D6-B57C-7AF897AA22D9}.Release|Any CPU.Build.0 = Release|Any CPU
		{918BF70F-E53E-4107-AF7E-7E1A3C36C609}.Debug|Any CPU.ActiveCfg = Debug|Any CPU
		{918BF70F-E53E-4107-AF7E-7E1A3C36C609}.Debug|Any CPU.Build.0 = Debug|Any CPU
		{918BF70F-E53E-4107-AF7E-7E1A3C36C609}.Release|Any CPU.ActiveCfg = Release|Any CPU
		{918BF70F-E53E-4107-AF7E-7E1A3C36C609}.Release|Any CPU.Build.0 = Release|Any CPU
		{20C7E770-6846-4EAE-B4A9-2C15DAB89BA5}.Debug|Any CPU.ActiveCfg = Debug|Any CPU
		{20C7E770-6846-4EAE-B4A9-2C15DAB89BA5}.Debug|Any CPU.Build.0 = Debug|Any CPU
		{20C7E770-6846-4EAE-B4A9-2C15DAB89BA5}.Release|Any CPU.ActiveCfg = Release|Any CPU
		{20C7E770-6846-4EAE-B4A9-2C15DAB89BA5}.Release|Any CPU.Build.0 = Release|Any CPU
		{1D6AA573-C4E7-41FA-A5A0-753940ACFCFE}.Debug|Any CPU.ActiveCfg = Debug|Any CPU
		{1D6AA573-C4E7-41FA-A5A0-753940ACFCFE}.Debug|Any CPU.Build.0 = Debug|Any CPU
		{1D6AA573-C4E7-41FA-A5A0-753940ACFCFE}.Release|Any CPU.ActiveCfg = Release|Any CPU
		{1D6AA573-C4E7-41FA-A5A0-753940ACFCFE}.Release|Any CPU.Build.0 = Release|Any CPU
	EndGlobalSection
	GlobalSection(NestedProjects) = preSolution
		{1D6AA573-C4E7-41FA-A5A0-753940ACFCFE} = {EAB72CB1-B130-44B8-B675-F073C0820240}
	EndGlobalSection
EndGlobal
