
Microsoft Visual Studio Solution File, Format Version 12.00
# Visual Studio Version 17
VisualStudioVersion = 17.0.31903.59
MinimumVisualStudioVersion = 10.0.40219.1
Project("{FAE04EC0-301F-11D3-BF4B-00C04F79EFBC}") = "HCDN", "HCDN\HCDN.csproj", "{83307C59-49E6-4C50-892D-961B9241C749}"
EndProject
Project("{2150E333-8FDC-42A3-9474-1A3956D46DE8}") = "solution", "solution", "{FD3A028D-DDAE-4F94-9EA9-DAB0DB804579}"
	ProjectSection(SolutionItems) = preProject
		.editorconfig = .editorconfig
		..\README.md = ..\README.md
	EndProjectSection
EndProject
Project("{FAE04EC0-301F-11D3-BF4B-00C04F79EFBC}") = "HCDN.Desktop", "HCDN.Desktop\HCDN.Desktop.csproj", "{6C0AD139-2661-4510-BC0E-98C41A67534A}"
EndProject
Project("{FAE04EC0-301F-11D3-BF4B-00C04F79EFBC}") = "HCDN.HoloCure", "HCDN.HoloCure\HCDN.HoloCure.csproj", "{20C7E770-6846-4EAE-B4A9-2C15DAB89BA5}"
EndProject
Project("{2150E333-8FDC-42A3-9474-1A3956D46DE8}") = "targets", "targets", "{373D74FA-61F8-40D3-A7B1-9069DB091649}"
	ProjectSection(SolutionItems) = preProject
		versions.targets = versions.targets
	EndProjectSection
EndProject
Project("{FAE04EC0-301F-11D3-BF4B-00C04F79EFBC}") = "FIARA", "FIARA\FIARA.csproj", "{A845B9DB-A961-4EEC-8DAB-5799E18CB13F}"
EndProject
Project("{FAE04EC0-301F-11D3-BF4B-00C04F79EFBC}") = "HCDN.Desktop.NuGet", "HCDN.Desktop.NuGet\HCDN.Desktop.NuGet.csproj", "{C737ECD5-5A82-4772-AFA1-10184C381873}"
EndProject
Global
	GlobalSection(SolutionConfigurationPlatforms) = preSolution
		Debug|Any CPU = Debug|Any CPU
		Release|Any CPU = Release|Any CPU
	EndGlobalSection
	GlobalSection(SolutionProperties) = preSolution
		HideSolutionNode = FALSE
	EndGlobalSection
	GlobalSection(ProjectConfigurationPlatforms) = postSolution
		{83307C59-49E6-4C50-892D-961B9241C749}.Debug|Any CPU.ActiveCfg = Debug|Any CPU
		{83307C59-49E6-4C50-892D-961B9241C749}.Debug|Any CPU.Build.0 = Debug|Any CPU
		{83307C59-49E6-4C50-892D-961B9241C749}.Release|Any CPU.ActiveCfg = Release|Any CPU
		{83307C59-49E6-4C50-892D-961B9241C749}.Release|Any CPU.Build.0 = Release|Any CPU
		{6C0AD139-2661-4510-BC0E-98C41A67534A}.Debug|Any CPU.ActiveCfg = Debug|Any CPU
		{6C0AD139-2661-4510-BC0E-98C41A67534A}.Debug|Any CPU.Build.0 = Debug|Any CPU
		{6C0AD139-2661-4510-BC0E-98C41A67534A}.Release|Any CPU.ActiveCfg = Release|Any CPU
		{6C0AD139-2661-4510-BC0E-98C41A67534A}.Release|Any CPU.Build.0 = Release|Any CPU
		{20C7E770-6846-4EAE-B4A9-2C15DAB89BA5}.Debug|Any CPU.ActiveCfg = Debug|Any CPU
		{20C7E770-6846-4EAE-B4A9-2C15DAB89BA5}.Debug|Any CPU.Build.0 = Debug|Any CPU
		{20C7E770-6846-4EAE-B4A9-2C15DAB89BA5}.Release|Any CPU.ActiveCfg = Release|Any CPU
		{20C7E770-6846-4EAE-B4A9-2C15DAB89BA5}.Release|Any CPU.Build.0 = Release|Any CPU
		{A845B9DB-A961-4EEC-8DAB-5799E18CB13F}.Debug|Any CPU.ActiveCfg = Debug|Any CPU
		{A845B9DB-A961-4EEC-8DAB-5799E18CB13F}.Debug|Any CPU.Build.0 = Debug|Any CPU
		{A845B9DB-A961-4EEC-8DAB-5799E18CB13F}.Release|Any CPU.ActiveCfg = Release|Any CPU
		{A845B9DB-A961-4EEC-8DAB-5799E18CB13F}.Release|Any CPU.Build.0 = Release|Any CPU
		{C737ECD5-5A82-4772-AFA1-10184C381873}.Debug|Any CPU.ActiveCfg = Debug|Any CPU
		{C737ECD5-5A82-4772-AFA1-10184C381873}.Debug|Any CPU.Build.0 = Debug|Any CPU
		{C737ECD5-5A82-4772-AFA1-10184C381873}.Release|Any CPU.ActiveCfg = Release|Any CPU
		{C737ECD5-5A82-4772-AFA1-10184C381873}.Release|Any CPU.Build.0 = Release|Any CPU
	EndGlobalSection
	GlobalSection(NestedProjects) = preSolution
	EndGlobalSection
EndGlobal
